
Microsoft Visual Studio Solution File, Format Version 12.00
# Visual Studio Version 16
VisualStudioVersion = 16.0.30204.135
MinimumVisualStudioVersion = 10.0.40219.1
Project("{8BC9CEB8-8B4A-11D0-8D11-00A0C91BC942}") = "PS1", "PS1.vcxproj", "{D216B51F-61F0-475D-B43E-E73AF3DAA3AF}"
EndProject
Global
	GlobalSection(SolutionConfigurationPlatforms) = preSolution
		Debug|x64 = Debug|x64
		Debug|x86 = Debug|x86
		Release|x64 = Release|x64
		Release|x86 = Release|x86
	EndGlobalSection
	GlobalSection(ProjectConfigurationPlatforms) = postSolution
		{D216B51F-61F0-475D-B43E-E73AF3DAA3AF}.Debug|x64.ActiveCfg = Debug|x64
		{D216B51F-61F0-475D-B43E-E73AF3DAA3AF}.Debug|x64.Build.0 = Debug|x64
		{D216B51F-61F0-475D-B43E-E73AF3DAA3AF}.Debug|x86.ActiveCfg = Debug|Win32
		{D216B51F-61F0-475D-B43E-E73AF3DAA3AF}.Debug|x86.Build.0 = Debug|Win32
		{D216B51F-61F0-475D-B43E-E73AF3DAA3AF}.Release|x64.ActiveCfg = Release|x64
		{D216B51F-61F0-475D-B43E-E73AF3DAA3AF}.Release|x64.Build.0 = Release|x64
		{D216B51F-61F0-475D-B43E-E73AF3DAA3AF}.Release|x86.ActiveCfg = Release|Win32
		{D216B51F-61F0-475D-B43E-E73AF3DAA3AF}.Release|x86.Build.0 = Release|Win32
	EndGlobalSection
	GlobalSection(SolutionProperties) = preSolution
		HideSolutionNode = FALSE
	EndGlobalSection
	GlobalSection(ExtensibilityGlobals) = postSolution
		SolutionGuid = {B403DB51-FEB3-4907-9EA0-7CCBD22A3FD6}
	EndGlobalSection
EndGlobal
